
Microsoft Visual Studio Solution File, Format Version 12.00
# Visual Studio Version 17
VisualStudioVersion = 17.2.32602.215
MinimumVisualStudioVersion = 10.0.40219.1
Project("{FAE04EC0-301F-11D3-BF4B-00C04F79EFBC}") = "Shopping", "Shopping\Shopping.csproj", "{396AB16E-25D6-4C26-8672-F5ED58E5196F}"
EndProject
Global
	GlobalSection(SolutionConfigurationPlatforms) = preSolution
		Debug|Any CPU = Debug|Any CPU
		Release|Any CPU = Release|Any CPU
	EndGlobalSection
	GlobalSection(ProjectConfigurationPlatforms) = postSolution
		{396AB16E-25D6-4C26-8672-F5ED58E5196F}.Debug|Any CPU.ActiveCfg = Debug|Any CPU
		{396AB16E-25D6-4C26-8672-F5ED58E5196F}.Debug|Any CPU.Build.0 = Debug|Any CPU
		{396AB16E-25D6-4C26-8672-F5ED58E5196F}.Release|Any CPU.ActiveCfg = Release|Any CPU
		{396AB16E-25D6-4C26-8672-F5ED58E5196F}.Release|Any CPU.Build.0 = Release|Any CPU
	EndGlobalSection
	GlobalSection(SolutionProperties) = preSolution
		HideSolutionNode = FALSE
	EndGlobalSection
	GlobalSection(ExtensibilityGlobals) = postSolution
		SolutionGuid = {702477DB-3253-4722-B9D4-108FB72B7F48}
	EndGlobalSection
EndGlobal
